
Microsoft Visual Studio Solution File, Format Version 12.00
# Visual Studio Version 16
VisualStudioVersion = 16.0.29418.71
MinimumVisualStudioVersion = 10.0.40219.1
Project("{FAE04EC0-301F-11D3-BF4B-00C04F79EFBC}") = "gestor financiero", "gestor financiero\gestor financiero.csproj", "{A84B5C01-FDFA-46FA-A056-9416361F4BD9}"
EndProject
Global
	GlobalSection(SolutionConfigurationPlatforms) = preSolution
		Debug|Any CPU = Debug|Any CPU
		Release|Any CPU = Release|Any CPU
	EndGlobalSection
	GlobalSection(ProjectConfigurationPlatforms) = postSolution
		{A84B5C01-FDFA-46FA-A056-9416361F4BD9}.Debug|Any CPU.ActiveCfg = Debug|Any CPU
		{A84B5C01-FDFA-46FA-A056-9416361F4BD9}.Debug|Any CPU.Build.0 = Debug|Any CPU
		{A84B5C01-FDFA-46FA-A056-9416361F4BD9}.Release|Any CPU.ActiveCfg = Release|Any CPU
		{A84B5C01-FDFA-46FA-A056-9416361F4BD9}.Release|Any CPU.Build.0 = Release|Any CPU
	EndGlobalSection
	GlobalSection(SolutionProperties) = preSolution
		HideSolutionNode = FALSE
	EndGlobalSection
	GlobalSection(ExtensibilityGlobals) = postSolution
		SolutionGuid = {FBB5BF8D-39BD-4B51-B841-EEFB0F194A80}
	EndGlobalSection
EndGlobal
